<?xml version="1.0" encoding="utf-8"?>
<Project ToolsVersion="4.0" xmlns="http://schemas.microsoft.com/developer/msbuild/2003">
  <ItemGroup>
    <Filter Include="Source Files">
      <UniqueIdentifier>{4FC737F1-C7A5-4376-A066-2A32D752A2FF}</UniqueIdentifier>
      <Extensions>cpp;c;cc;cxx;c++;cppm;ixx;def;odl;idl;hpj;bat;asm;asmx</Extensions>
    </Filter>
    <Filter Include="Resource Files">
      <UniqueIdentifier>{67DA6AB6-F800-4c08-8B7A-83BB121AAD01}</UniqueIdentifier>
      <Extensions>rc;ico;cur;bmp;dlg;rc2;rct;bin;rgs;gif;jpg;jpeg;jpe;resx;tiff;tif;png;wav;mfcribbon-ms</Extensions>
    </Filter>
    <Filter Include="imGui">
      <UniqueIdentifier>{9c67cca5-f2b1-4025-89f5-d786ee971fa1}</UniqueIdentifier>
    </Filter>
    <Filter Include="Source Files\Shaders">
      <UniqueIdentifier>{656787db-60a0-436e-8466-6ccba5ccd4ee}</UniqueIdentifier>
    </Filter>
    <Filter Include="Source Files\Engine">
      <UniqueIdentifier>{359cddd5-78ad-442e-982e-fd0d9e06169b}</UniqueIdentifier>
    </Filter>
    <Filter Include="Source Files\Game">
      <UniqueIdentifier>{1e436c62-21fe-4fde-981a-0441faa92661}</UniqueIdentifier>
    </Filter>
    <Filter Include="Source Files\Shaders\PostProcessing">
      <UniqueIdentifier>{cf8ff38d-369f-4e7b-a723-8915041d87e3}</UniqueIdentifier>
    </Filter>
  </ItemGroup>
  <ItemGroup>
    <ClCompile Include="Main.cpp">
      <Filter>Source Files</Filter>
    </ClCompile>
    <ClCompile Include="glad.c">
      <Filter>Source Files</Filter>
    </ClCompile>
    <ClCompile Include="imGui\imgui.cpp">
      <Filter>imGui</Filter>
    </ClCompile>
    <ClCompile Include="imGui\imgui_demo.cpp">
      <Filter>imGui</Filter>
    </ClCompile>
    <ClCompile Include="imGui\imgui_draw.cpp">
      <Filter>imGui</Filter>
    </ClCompile>
    <ClCompile Include="imGui\imgui_tables.cpp">
      <Filter>imGui</Filter>
    </ClCompile>
    <ClCompile Include="imGui\imgui_widgets.cpp">
      <Filter>imGui</Filter>
    </ClCompile>
    <ClCompile Include="imGui\imgui_impl_glfw.cpp">
      <Filter>imGui</Filter>
    </ClCompile>
    <ClCompile Include="imGui\imgui_impl_opengl3.cpp">
      <Filter>imGui</Filter>
    </ClCompile>
    <ClCompile Include="level.cpp">
      <Filter>Source Files\Engine</Filter>
    </ClCompile>
    <ClCompile Include="Mesh.cpp">
      <Filter>Source Files\Engine</Filter>
    </ClCompile>
    <ClCompile Include="Model.cpp">
      <Filter>Source Files\Engine</Filter>
    </ClCompile>
    <ClCompile Include="stb_image.cpp">
      <Filter>Source Files\Engine</Filter>
    </ClCompile>
    <ClCompile Include="Texture.cpp">
      <Filter>Source Files\Engine</Filter>
    </ClCompile>
    <ClCompile Include="mainlevel.cpp">
      <Filter>Source Files\Game</Filter>
    </ClCompile>
  </ItemGroup>
  <ItemGroup>
    <ClInclude Include="common.h">
      <Filter>Source Files</Filter>
    </ClInclude>
    <ClInclude Include="Camera.h">
      <Filter>Source Files</Filter>
    </ClInclude>
    <ClInclude Include="imGui\imconfig.h">
      <Filter>imGui</Filter>
    </ClInclude>
    <ClInclude Include="imGui\imgui.h">
      <Filter>imGui</Filter>
    </ClInclude>
    <ClInclude Include="imGui\imgui_internal.h">
      <Filter>imGui</Filter>
    </ClInclude>
    <ClInclude Include="imGui\imstb_rectpack.h">
      <Filter>imGui</Filter>
    </ClInclude>
    <ClInclude Include="imGui\imstb_textedit.h">
      <Filter>imGui</Filter>
    </ClInclude>
    <ClInclude Include="imGui\imstb_truetype.h">
      <Filter>imGui</Filter>
    </ClInclude>
    <ClInclude Include="imGui\imgui_impl_opengl3.h">
      <Filter>imGui</Filter>
    </ClInclude>
    <ClInclude Include="imGui\imgui_impl_glfw.h">
      <Filter>imGui</Filter>
    </ClInclude>
    <ClInclude Include="level.hpp">
      <Filter>Source Files\Engine</Filter>
    </ClInclude>
    <ClInclude Include="Mesh.hpp">
      <Filter>Source Files\Engine</Filter>
    </ClInclude>
    <ClInclude Include="Model.hpp">
      <Filter>Source Files\Engine</Filter>
    </ClInclude>
    <ClInclude Include="Shader.h">
      <Filter>Source Files\Engine</Filter>
    </ClInclude>
    <ClInclude Include="Texture.hpp">
      <Filter>Source Files\Engine</Filter>
    </ClInclude>
    <ClInclude Include="mainlevel.hpp">
      <Filter>Source Files\Game</Filter>
    </ClInclude>
    <ClInclude Include="stb_image.h" />
  </ItemGroup>
  <ItemGroup>
    <None Include="shaders\baseFragShader.glsl">
      <Filter>Source Files\Shaders</Filter>
    </None>
    <None Include="shaders\baseVertShader.glsl">
      <Filter>Source Files\Shaders</Filter>
    </None>
    <None Include="shaders\colorFragShader.glsl">
      <Filter>Source Files\Shaders</Filter>
    </None>
    <None Include="shaders\colorVertShader.glsl">
      <Filter>Source Files\Shaders</Filter>
    </None>
    <None Include="shaders\lightFragShader.glsl">
      <Filter>Source Files\Shaders</Filter>
    </None>
    <None Include="shaders\lightVertShader.glsl">
      <Filter>Source Files\Shaders</Filter>
    </None>
    <None Include="shaders\kuwaharaVert.glsl">
      <Filter>Source Files\Shaders\PostProcessing</Filter>
    </None>
    <None Include="shaders\kuwaharaFrag.glsl">
      <Filter>Source Files\Shaders\PostProcessing</Filter>
    </None>
  </ItemGroup>
</Project>